// !$*UTF8*$!
{
	archiveVersion = 1;
	classes = {
	};
	objectVersion = 50;
	objects = {

/* Begin PBXBuildFile section */
		9840671521EFCD270001E21F /* ProductTableViewCell.swift in Sources */ = {isa = PBXBuildFile; fileRef = 9840671421EFCD270001E21F /* ProductTableViewCell.swift */; };
		989D070E21ED989C00A84CD0 /* AppDelegate.swift in Sources */ = {isa = PBXBuildFile; fileRef = 989D070D21ED989C00A84CD0 /* AppDelegate.swift */; };
		989D071021ED989C00A84CD0 /* CollectionListVC.swift in Sources */ = {isa = PBXBuildFile; fileRef = 989D070F21ED989C00A84CD0 /* CollectionListVC.swift */; };
		989D071221ED989C00A84CD0 /* CollectionDetailVC.swift in Sources */ = {isa = PBXBuildFile; fileRef = 989D071121ED989C00A84CD0 /* CollectionDetailVC.swift */; };
		989D071521ED989C00A84CD0 /* Main.storyboard in Resources */ = {isa = PBXBuildFile; fileRef = 989D071321ED989C00A84CD0 /* Main.storyboard */; };
		989D071721ED989E00A84CD0 /* Assets.xcassets in Resources */ = {isa = PBXBuildFile; fileRef = 989D071621ED989E00A84CD0 /* Assets.xcassets */; };
		989D071A21ED989E00A84CD0 /* LaunchScreen.storyboard in Resources */ = {isa = PBXBuildFile; fileRef = 989D071821ED989E00A84CD0 /* LaunchScreen.storyboard */; };
		989D072321ED9C1300A84CD0 /* CustomCollection.swift in Sources */ = {isa = PBXBuildFile; fileRef = 989D072221ED9C1300A84CD0 /* CustomCollection.swift */; };
		989D072521ED9CD600A84CD0 /* Product.swift in Sources */ = {isa = PBXBuildFile; fileRef = 989D072421ED9CD600A84CD0 /* Product.swift */; };
		989D072921EDA01D00A84CD0 /* CollectionViewModel.swift in Sources */ = {isa = PBXBuildFile; fileRef = 989D072821EDA01D00A84CD0 /* CollectionViewModel.swift */; };
		989D072C21EDA1DE00A84CD0 /* MockAPI.swift in Sources */ = {isa = PBXBuildFile; fileRef = 989D072B21EDA1DE00A84CD0 /* MockAPI.swift */; };
		989D073021EDAB6400A84CD0 /* ShopifyAPI.swift in Sources */ = {isa = PBXBuildFile; fileRef = 989D072F21EDAB6400A84CD0 /* ShopifyAPI.swift */; };
		989D073221EDAB7700A84CD0 /* API.swift in Sources */ = {isa = PBXBuildFile; fileRef = 989D073121EDAB7700A84CD0 /* API.swift */; };
		989D073421EE6A1200A84CD0 /* CollectionDetailViewModel.swift in Sources */ = {isa = PBXBuildFile; fileRef = 989D073321EE6A1200A84CD0 /* CollectionDetailViewModel.swift */; };
/* End PBXBuildFile section */

/* Begin PBXFileReference section */
		9840671421EFCD270001E21F /* ProductTableViewCell.swift */ = {isa = PBXFileReference; lastKnownFileType = sourcecode.swift; path = ProductTableViewCell.swift; sourceTree = "<group>"; };
		989D070A21ED989C00A84CD0 /* ShopifyChallenge.app */ = {isa = PBXFileReference; explicitFileType = wrapper.application; includeInIndex = 0; path = ShopifyChallenge.app; sourceTree = BUILT_PRODUCTS_DIR; };
		989D070D21ED989C00A84CD0 /* AppDelegate.swift */ = {isa = PBXFileReference; lastKnownFileType = sourcecode.swift; path = AppDelegate.swift; sourceTree = "<group>"; };
		989D070F21ED989C00A84CD0 /* CollectionListVC.swift */ = {isa = PBXFileReference; lastKnownFileType = sourcecode.swift; path = CollectionListVC.swift; sourceTree = "<group>"; };
		989D071121ED989C00A84CD0 /* CollectionDetailVC.swift */ = {isa = PBXFileReference; lastKnownFileType = sourcecode.swift; path = CollectionDetailVC.swift; sourceTree = "<group>"; };
		989D071421ED989C00A84CD0 /* Base */ = {isa = PBXFileReference; lastKnownFileType = file.storyboard; name = Base; path = Base.lproj/Main.storyboard; sourceTree = "<group>"; };
		989D071621ED989E00A84CD0 /* Assets.xcassets */ = {isa = PBXFileReference; lastKnownFileType = folder.assetcatalog; path = Assets.xcassets; sourceTree = "<group>"; };
		989D071921ED989E00A84CD0 /* Base */ = {isa = PBXFileReference; lastKnownFileType = file.storyboard; name = Base; path = Base.lproj/LaunchScreen.storyboard; sourceTree = "<group>"; };
		989D071B21ED989E00A84CD0 /* Info.plist */ = {isa = PBXFileReference; lastKnownFileType = text.plist.xml; path = Info.plist; sourceTree = "<group>"; };
		989D072221ED9C1300A84CD0 /* CustomCollection.swift */ = {isa = PBXFileReference; lastKnownFileType = sourcecode.swift; path = CustomCollection.swift; sourceTree = "<group>"; };
		989D072421ED9CD600A84CD0 /* Product.swift */ = {isa = PBXFileReference; lastKnownFileType = sourcecode.swift; path = Product.swift; sourceTree = "<group>"; };
		989D072821EDA01D00A84CD0 /* CollectionViewModel.swift */ = {isa = PBXFileReference; lastKnownFileType = sourcecode.swift; path = CollectionViewModel.swift; sourceTree = "<group>"; };
		989D072B21EDA1DE00A84CD0 /* MockAPI.swift */ = {isa = PBXFileReference; lastKnownFileType = sourcecode.swift; path = MockAPI.swift; sourceTree = "<group>"; };
		989D072F21EDAB6400A84CD0 /* ShopifyAPI.swift */ = {isa = PBXFileReference; lastKnownFileType = sourcecode.swift; path = ShopifyAPI.swift; sourceTree = "<group>"; };
		989D073121EDAB7700A84CD0 /* API.swift */ = {isa = PBXFileReference; lastKnownFileType = sourcecode.swift; path = API.swift; sourceTree = "<group>"; };
		989D073321EE6A1200A84CD0 /* CollectionDetailViewModel.swift */ = {isa = PBXFileReference; lastKnownFileType = sourcecode.swift; path = CollectionDetailViewModel.swift; sourceTree = "<group>"; };
/* End PBXFileReference section */

/* Begin PBXFrameworksBuildPhase section */
		989D070721ED989C00A84CD0 /* Frameworks */ = {
			isa = PBXFrameworksBuildPhase;
			buildActionMask = 2147483647;
			files = (
			);
			runOnlyForDeploymentPostprocessing = 0;
		};
/* End PBXFrameworksBuildPhase section */

/* Begin PBXGroup section */
		989D070121ED989C00A84CD0 = {
			isa = PBXGroup;
			children = (
				989D070C21ED989C00A84CD0 /* ShopifyChallenge */,
				989D070B21ED989C00A84CD0 /* Products */,
			);
			sourceTree = "<group>";
		};
		989D070B21ED989C00A84CD0 /* Products */ = {
			isa = PBXGroup;
			children = (
				989D070A21ED989C00A84CD0 /* ShopifyChallenge.app */,
			);
			name = Products;
			sourceTree = "<group>";
		};
		989D070C21ED989C00A84CD0 /* ShopifyChallenge */ = {
			isa = PBXGroup;
			children = (
				989D072A21EDA1CF00A84CD0 /* Networking */,
				989D072721ED9FE800A84CD0 /* ViewModels */,
				989D072621ED9FD600A84CD0 /* Views */,
				989D072121ED9BCD00A84CD0 /* Models */,
				989D070D21ED989C00A84CD0 /* AppDelegate.swift */,
				989D071321ED989C00A84CD0 /* Main.storyboard */,
				989D071621ED989E00A84CD0 /* Assets.xcassets */,
				989D071821ED989E00A84CD0 /* LaunchScreen.storyboard */,
				989D071B21ED989E00A84CD0 /* Info.plist */,
			);
			path = ShopifyChallenge;
			sourceTree = "<group>";
		};
		989D072121ED9BCD00A84CD0 /* Models */ = {
			isa = PBXGroup;
			children = (
				989D072221ED9C1300A84CD0 /* CustomCollection.swift */,
				989D072421ED9CD600A84CD0 /* Product.swift */,
			);
			path = Models;
			sourceTree = "<group>";
		};
		989D072621ED9FD600A84CD0 /* Views */ = {
			isa = PBXGroup;
			children = (
				989D070F21ED989C00A84CD0 /* CollectionListVC.swift */,
				989D071121ED989C00A84CD0 /* CollectionDetailVC.swift */,
				9840671421EFCD270001E21F /* ProductTableViewCell.swift */,
			);
			path = Views;
			sourceTree = "<group>";
		};
		989D072721ED9FE800A84CD0 /* ViewModels */ = {
			isa = PBXGroup;
			children = (
				989D072821EDA01D00A84CD0 /* CollectionViewModel.swift */,
				989D073321EE6A1200A84CD0 /* CollectionDetailViewModel.swift */,
			);
			path = ViewModels;
			sourceTree = "<group>";
		};
		989D072A21EDA1CF00A84CD0 /* Networking */ = {
			isa = PBXGroup;
			children = (
				989D072B21EDA1DE00A84CD0 /* MockAPI.swift */,
				989D072F21EDAB6400A84CD0 /* ShopifyAPI.swift */,
				989D073121EDAB7700A84CD0 /* API.swift */,
			);
			path = Networking;
			sourceTree = "<group>";
		};
/* End PBXGroup section */

/* Begin PBXNativeTarget section */
		989D070921ED989C00A84CD0 /* ShopifyChallenge */ = {
			isa = PBXNativeTarget;
			buildConfigurationList = 989D071E21ED989E00A84CD0 /* Build configuration list for PBXNativeTarget "ShopifyChallenge" */;
			buildPhases = (
				989D070621ED989C00A84CD0 /* Sources */,
				989D070721ED989C00A84CD0 /* Frameworks */,
				989D070821ED989C00A84CD0 /* Resources */,
			);
			buildRules = (
			);
			dependencies = (
			);
			name = ShopifyChallenge;
			productName = ShopifyChallenge;
			productReference = 989D070A21ED989C00A84CD0 /* ShopifyChallenge.app */;
			productType = "com.apple.product-type.application";
		};
/* End PBXNativeTarget section */

/* Begin PBXProject section */
		989D070221ED989C00A84CD0 /* Project object */ = {
			isa = PBXProject;
			attributes = {
				LastSwiftUpdateCheck = 1000;
				LastUpgradeCheck = 1000;
				ORGANIZATIONNAME = "Phuoc Tran";
				TargetAttributes = {
					989D070921ED989C00A84CD0 = {
						CreatedOnToolsVersion = 10.0;
					};
				};
			};
			buildConfigurationList = 989D070521ED989C00A84CD0 /* Build configuration list for PBXProject "ShopifyChallenge" */;
			compatibilityVersion = "Xcode 9.3";
			developmentRegion = en;
			hasScannedForEncodings = 0;
			knownRegions = (
				en,
				Base,
			);
			mainGroup = 989D070121ED989C00A84CD0;
			productRefGroup = 989D070B21ED989C00A84CD0 /* Products */;
			projectDirPath = "";
			projectRoot = "";
			targets = (
				989D070921ED989C00A84CD0 /* ShopifyChallenge */,
			);
		};
/* End PBXProject section */

/* Begin PBXResourcesBuildPhase section */
		989D070821ED989C00A84CD0 /* Resources */ = {
			isa = PBXResourcesBuildPhase;
			buildActionMask = 2147483647;
			files = (
				989D071A21ED989E00A84CD0 /* LaunchScreen.storyboard in Resources */,
				989D071721ED989E00A84CD0 /* Assets.xcassets in Resources */,
				989D071521ED989C00A84CD0 /* Main.storyboard in Resources */,
			);
			runOnlyForDeploymentPostprocessing = 0;
		};
/* End PBXResourcesBuildPhase section */

/* Begin PBXSourcesBuildPhase section */
		989D070621ED989C00A84CD0 /* Sources */ = {
			isa = PBXSourcesBuildPhase;
			buildActionMask = 2147483647;
			files = (
				989D072921EDA01D00A84CD0 /* CollectionViewModel.swift in Sources */,
				989D071221ED989C00A84CD0 /* CollectionDetailVC.swift in Sources */,
				989D071021ED989C00A84CD0 /* CollectionListVC.swift in Sources */,
				989D073421EE6A1200A84CD0 /* CollectionDetailViewModel.swift in Sources */,
				989D073021EDAB6400A84CD0 /* ShopifyAPI.swift in Sources */,
				989D073221EDAB7700A84CD0 /* API.swift in Sources */,
				989D072C21EDA1DE00A84CD0 /* MockAPI.swift in Sources */,
				9840671521EFCD270001E21F /* ProductTableViewCell.swift in Sources */,
				989D072521ED9CD600A84CD0 /* Product.swift in Sources */,
				989D070E21ED989C00A84CD0 /* AppDelegate.swift in Sources */,
				989D072321ED9C1300A84CD0 /* CustomCollection.swift in Sources */,
			);
			runOnlyForDeploymentPostprocessing = 0;
		};
/* End PBXSourcesBuildPhase section */

/* Begin PBXVariantGroup section */
		989D071321ED989C00A84CD0 /* Main.storyboard */ = {
			isa = PBXVariantGroup;
			children = (
				989D071421ED989C00A84CD0 /* Base */,
			);
			name = Main.storyboard;
			sourceTree = "<group>";
		};
		989D071821ED989E00A84CD0 /* LaunchScreen.storyboard */ = {
			isa = PBXVariantGroup;
			children = (
				989D071921ED989E00A84CD0 /* Base */,
			);
			name = LaunchScreen.storyboard;
			sourceTree = "<group>";
		};
/* End PBXVariantGroup section */

/* Begin XCBuildConfiguration section */
		989D071C21ED989E00A84CD0 /* Debug */ = {
			isa = XCBuildConfiguration;
			buildSettings = {
				ALWAYS_SEARCH_USER_PATHS = NO;
				CLANG_ANALYZER_NONNULL = YES;
				CLANG_ANALYZER_NUMBER_OBJECT_CONVERSION = YES_AGGRESSIVE;
				CLANG_CXX_LANGUAGE_STANDARD = "gnu++14";
				CLANG_CXX_LIBRARY = "libc++";
				CLANG_ENABLE_MODULES = YES;
				CLANG_ENABLE_OBJC_ARC = YES;
				CLANG_ENABLE_OBJC_WEAK = YES;
				CLANG_WARN_BLOCK_CAPTURE_AUTORELEASING = YES;
				CLANG_WARN_BOOL_CONVERSION = YES;
				CLANG_WARN_COMMA = YES;
				CLANG_WARN_CONSTANT_CONVERSION = YES;
				CLANG_WARN_DEPRECATED_OBJC_IMPLEMENTATIONS = YES;
				CLANG_WARN_DIRECT_OBJC_ISA_USAGE = YES_ERROR;
				CLANG_WARN_DOCUMENTATION_COMMENTS = YES;
				CLANG_WARN_EMPTY_BODY = YES;
				CLANG_WARN_ENUM_CONVERSION = YES;
				CLANG_WARN_INFINITE_RECURSION = YES;
				CLANG_WARN_INT_CONVERSION = YES;
				CLANG_WARN_NON_LITERAL_NULL_CONVERSION = YES;
				CLANG_WARN_OBJC_IMPLICIT_RETAIN_SELF = YES;
				CLANG_WARN_OBJC_LITERAL_CONVERSION = YES;
				CLANG_WARN_OBJC_ROOT_CLASS = YES_ERROR;
				CLANG_WARN_RANGE_LOOP_ANALYSIS = YES;
				CLANG_WARN_STRICT_PROTOTYPES = YES;
				CLANG_WARN_SUSPICIOUS_MOVE = YES;
				CLANG_WARN_UNGUARDED_AVAILABILITY = YES_AGGRESSIVE;
				CLANG_WARN_UNREACHABLE_CODE = YES;
				CLANG_WARN__DUPLICATE_METHOD_MATCH = YES;
				CODE_SIGN_IDENTITY = "iPhone Developer";
				COPY_PHASE_STRIP = NO;
				DEBUG_INFORMATION_FORMAT = dwarf;
				ENABLE_STRICT_OBJC_MSGSEND = YES;
				ENABLE_TESTABILITY = YES;
				GCC_C_LANGUAGE_STANDARD = gnu11;
				GCC_DYNAMIC_NO_PIC = NO;
				GCC_NO_COMMON_BLOCKS = YES;
				GCC_OPTIMIZATION_LEVEL = 0;
				GCC_PREPROCESSOR_DEFINITIONS = (
					"DEBUG=1",
					"$(inherited)",
				);
				GCC_WARN_64_TO_32_BIT_CONVERSION = YES;
				GCC_WARN_ABOUT_RETURN_TYPE = YES_ERROR;
				GCC_WARN_UNDECLARED_SELECTOR = YES;
				GCC_WARN_UNINITIALIZED_AUTOS = YES_AGGRESSIVE;
				GCC_WARN_UNUSED_FUNCTION = YES;
				GCC_WARN_UNUSED_VARIABLE = YES;
				IPHONEOS_DEPLOYMENT_TARGET = 12.0;
				MTL_ENABLE_DEBUG_INFO = INCLUDE_SOURCE;
				MTL_FAST_MATH = YES;
				ONLY_ACTIVE_ARCH = YES;
				SDKROOT = iphoneos;
				SWIFT_ACTIVE_COMPILATION_CONDITIONS = DEBUG;
				SWIFT_OPTIMIZATION_LEVEL = "-Onone";
			};
			name = Debug;
		};
		989D071D21ED989E00A84CD0 /* Release */ = {
			isa = XCBuildConfiguration;
			buildSettings = {
				ALWAYS_SEARCH_USER_PATHS = NO;
				CLANG_ANALYZER_NONNULL = YES;
				CLANG_ANALYZER_NUMBER_OBJECT_CONVERSION = YES_AGGRESSIVE;
				CLANG_CXX_LANGUAGE_STANDARD = "gnu++14";
				CLANG_CXX_LIBRARY = "libc++";
				CLANG_ENABLE_MODULES = YES;
				CLANG_ENABLE_OBJC_ARC = YES;
				CLANG_ENABLE_OBJC_WEAK = YES;
				CLANG_WARN_BLOCK_CAPTURE_AUTORELEASING = YES;
				CLANG_WARN_BOOL_CONVERSION = YES;
				CLANG_WARN_COMMA = YES;
				CLANG_WARN_CONSTANT_CONVERSION = YES;
				CLANG_WARN_DEPRECATED_OBJC_IMPLEMENTATIONS = YES;
				CLANG_WARN_DIRECT_OBJC_ISA_USAGE = YES_ERROR;
				CLANG_WARN_DOCUMENTATION_COMMENTS = YES;
				CLANG_WARN_EMPTY_BODY = YES;
				CLANG_WARN_ENUM_CONVERSION = YES;
				CLANG_WARN_INFINITE_RECURSION = YES;
				CLANG_WARN_INT_CONVERSION = YES;
				CLANG_WARN_NON_LITERAL_NULL_CONVERSION = YES;
				CLANG_WARN_OBJC_IMPLICIT_RETAIN_SELF = YES;
				CLANG_WARN_OBJC_LITERAL_CONVERSION = YES;
				CLANG_WARN_OBJC_ROOT_CLASS = YES_ERROR;
				CLANG_WARN_RANGE_LOOP_ANALYSIS = YES;
				CLANG_WARN_STRICT_PROTOTYPES = YES;
				CLANG_WARN_SUSPICIOUS_MOVE = YES;
				CLANG_WARN_UNGUARDED_AVAILABILITY = YES_AGGRESSIVE;
				CLANG_WARN_UNREACHABLE_CODE = YES;
				CLANG_WARN__DUPLICATE_METHOD_MATCH = YES;
				CODE_SIGN_IDENTITY = "iPhone Developer";
				COPY_PHASE_STRIP = NO;
				DEBUG_INFORMATION_FORMAT = "dwarf-with-dsym";
				ENABLE_NS_ASSERTIONS = NO;
				ENABLE_STRICT_OBJC_MSGSEND = YES;
				GCC_C_LANGUAGE_STANDARD = gnu11;
				GCC_NO_COMMON_BLOCKS = YES;
				GCC_WARN_64_TO_32_BIT_CONVERSION = YES;
				GCC_WARN_ABOUT_RETURN_TYPE = YES_ERROR;
				GCC_WARN_UNDECLARED_SELECTOR = YES;
				GCC_WARN_UNINITIALIZED_AUTOS = YES_AGGRESSIVE;
				GCC_WARN_UNUSED_FUNCTION = YES;
				GCC_WARN_UNUSED_VARIABLE = YES;
				IPHONEOS_DEPLOYMENT_TARGET = 12.0;
				MTL_ENABLE_DEBUG_INFO = NO;
				MTL_FAST_MATH = YES;
				SDKROOT = iphoneos;
				SWIFT_COMPILATION_MODE = wholemodule;
				SWIFT_OPTIMIZATION_LEVEL = "-O";
				VALIDATE_PRODUCT = YES;
			};
			name = Release;
		};
		989D071F21ED989E00A84CD0 /* Debug */ = {
			isa = XCBuildConfiguration;
			buildSettings = {
				ASSETCATALOG_COMPILER_APPICON_NAME = AppIcon;
				CODE_SIGN_STYLE = Automatic;
				DEVELOPMENT_TEAM = 6B9SFNFU5X;
				INFOPLIST_FILE = ShopifyChallenge/Info.plist;
				IPHONEOS_DEPLOYMENT_TARGET = 10.0;
				LD_RUNPATH_SEARCH_PATHS = (
					"$(inherited)",
					"@executable_path/Frameworks",
				);
				PRODUCT_BUNDLE_IDENTIFIER = com.ttphc.ShopifyChallenge;
				PRODUCT_NAME = "$(TARGET_NAME)";
				SWIFT_VERSION = 4.2;
				TARGETED_DEVICE_FAMILY = "1,2";
			};
			name = Debug;
		};
		989D072021ED989E00A84CD0 /* Release */ = {
			isa = XCBuildConfiguration;
			buildSettings = {
				ASSETCATALOG_COMPILER_APPICON_NAME = AppIcon;
				CODE_SIGN_STYLE = Automatic;
				DEVELOPMENT_TEAM = 6B9SFNFU5X;
				INFOPLIST_FILE = ShopifyChallenge/Info.plist;
				IPHONEOS_DEPLOYMENT_TARGET = 10.0;
				LD_RUNPATH_SEARCH_PATHS = (
					"$(inherited)",
					"@executable_path/Frameworks",
				);
				PRODUCT_BUNDLE_IDENTIFIER = com.ttphc.ShopifyChallenge;
				PRODUCT_NAME = "$(TARGET_NAME)";
				SWIFT_VERSION = 4.2;
				TARGETED_DEVICE_FAMILY = "1,2";
			};
			name = Release;
		};
/* End XCBuildConfiguration section */

/* Begin XCConfigurationList section */
		989D070521ED989C00A84CD0 /* Build configuration list for PBXProject "ShopifyChallenge" */ = {
			isa = XCConfigurationList;
			buildConfigurations = (
				989D071C21ED989E00A84CD0 /* Debug */,
				989D071D21ED989E00A84CD0 /* Release */,
			);
			defaultConfigurationIsVisible = 0;
			defaultConfigurationName = Release;
		};
		989D071E21ED989E00A84CD0 /* Build configuration list for PBXNativeTarget "ShopifyChallenge" */ = {
			isa = XCConfigurationList;
			buildConfigurations = (
				989D071F21ED989E00A84CD0 /* Debug */,
				989D072021ED989E00A84CD0 /* Release */,
			);
			defaultConfigurationIsVisible = 0;
			defaultConfigurationName = Release;
		};
/* End XCConfigurationList section */
	};
	rootObject = 989D070221ED989C00A84CD0 /* Project object */;
}
